// !$*UTF8*$!
{
	archiveVersion = 1;
	classes = {
	};
	objectVersion = 46;
	objects = {

/* Begin PBXBuildFile section */
		BDC02A4A1AAF4BD1002B85BC /* LocationManager.swift in Sources */ = {isa = PBXBuildFile; fileRef = BDC02A491AAF4BD1002B85BC /* LocationManager.swift */; };
		BDC02A521AAF4C3D002B85BC /* BlurView.swift in Sources */ = {isa = PBXBuildFile; fileRef = BDC02A4D1AAF4C3D002B85BC /* BlurView.swift */; };
		BDC02A531AAF4C3D002B85BC /* DesignableView.swift in Sources */ = {isa = PBXBuildFile; fileRef = BDC02A4E1AAF4C3D002B85BC /* DesignableView.swift */; };
		BDC02A541AAF4C3D002B85BC /* Misc.swift in Sources */ = {isa = PBXBuildFile; fileRef = BDC02A4F1AAF4C3D002B85BC /* Misc.swift */; };
		BDC02A551AAF4C3D002B85BC /* SpringAnimation.swift in Sources */ = {isa = PBXBuildFile; fileRef = BDC02A501AAF4C3D002B85BC /* SpringAnimation.swift */; };
		BDC02A5A1AAF5AE7002B85BC /* FacebookSDK.framework in Frameworks */ = {isa = PBXBuildFile; fileRef = BDC02A571AAF5AE7002B85BC /* FacebookSDK.framework */; };
		BDC02A5B1AAF5AE7002B85BC /* FBAudienceNetwork.framework in Frameworks */ = {isa = PBXBuildFile; fileRef = BDC02A581AAF5AE7002B85BC /* FBAudienceNetwork.framework */; };
		BDC02A5C1AAF5AE7002B85BC /* FBAudienceNetwork.README.txt in Resources */ = {isa = PBXBuildFile; fileRef = BDC02A591AAF5AE7002B85BC /* FBAudienceNetwork.README.txt */; };
		D80E21AE1AA51BEE005C4CBE /* AppDelegate.swift in Sources */ = {isa = PBXBuildFile; fileRef = D80E21AD1AA51BEE005C4CBE /* AppDelegate.swift */; };
		D80E21B31AA51BEE005C4CBE /* Main.storyboard in Resources */ = {isa = PBXBuildFile; fileRef = D80E21B11AA51BEE005C4CBE /* Main.storyboard */; };
		D80E21B51AA51BEE005C4CBE /* Images.xcassets in Resources */ = {isa = PBXBuildFile; fileRef = D80E21B41AA51BEE005C4CBE /* Images.xcassets */; };
		D80E21B81AA51BEE005C4CBE /* LaunchScreen.xib in Resources */ = {isa = PBXBuildFile; fileRef = D80E21B61AA51BEE005C4CBE /* LaunchScreen.xib */; };
		D80E21C41AA51BEE005C4CBE /* ChimeTests.swift in Sources */ = {isa = PBXBuildFile; fileRef = D80E21C31AA51BEE005C4CBE /* ChimeTests.swift */; };
		D80E21CE1AA521E4005C4CBE /* LoginVC.swift in Sources */ = {isa = PBXBuildFile; fileRef = D80E21CD1AA521E4005C4CBE /* LoginVC.swift */; };
		D80E21D21AA52262005C4CBE /* DoubleCircleButton.swift in Sources */ = {isa = PBXBuildFile; fileRef = D80E21D11AA52262005C4CBE /* DoubleCircleButton.swift */; };
		D80E21D91AA53187005C4CBE /* Bolts.framework in Frameworks */ = {isa = PBXBuildFile; fileRef = D80E21D41AA53187005C4CBE /* Bolts.framework */; };
		D80E21DA1AA53187005C4CBE /* Parse.framework in Frameworks */ = {isa = PBXBuildFile; fileRef = D80E21D51AA53187005C4CBE /* Parse.framework */; };
		D80E21DB1AA53187005C4CBE /* ParseCrashReporting.framework in Frameworks */ = {isa = PBXBuildFile; fileRef = D80E21D61AA53187005C4CBE /* ParseCrashReporting.framework */; };
		D80E21DC1AA53187005C4CBE /* ParseFacebookUtils.framework in Frameworks */ = {isa = PBXBuildFile; fileRef = D80E21D71AA53187005C4CBE /* ParseFacebookUtils.framework */; };
		D80E21DD1AA53187005C4CBE /* ParseUI.framework in Frameworks */ = {isa = PBXBuildFile; fileRef = D80E21D81AA53187005C4CBE /* ParseUI.framework */; };
		D80E21DF1AA53309005C4CBE /* AudioToolbox.framework in Frameworks */ = {isa = PBXBuildFile; fileRef = D80E21DE1AA53309005C4CBE /* AudioToolbox.framework */; };
		D80E21E11AA53310005C4CBE /* CFNetwork.framework in Frameworks */ = {isa = PBXBuildFile; fileRef = D80E21E01AA53310005C4CBE /* CFNetwork.framework */; };
		D80E21E31AA53317005C4CBE /* CoreGraphics.framework in Frameworks */ = {isa = PBXBuildFile; fileRef = D80E21E21AA53317005C4CBE /* CoreGraphics.framework */; };
		D80E21E51AA5331E005C4CBE /* CoreLocation.framework in Frameworks */ = {isa = PBXBuildFile; fileRef = D80E21E41AA5331E005C4CBE /* CoreLocation.framework */; };
		D80E21E71AA53326005C4CBE /* MobileCoreServices.framework in Frameworks */ = {isa = PBXBuildFile; fileRef = D80E21E61AA53326005C4CBE /* MobileCoreServices.framework */; };
		D80E21E91AA5332C005C4CBE /* QuartzCore.framework in Frameworks */ = {isa = PBXBuildFile; fileRef = D80E21E81AA5332C005C4CBE /* QuartzCore.framework */; };
		D80E21EB1AA53333005C4CBE /* Security.framework in Frameworks */ = {isa = PBXBuildFile; fileRef = D80E21EA1AA53333005C4CBE /* Security.framework */; };
		D80E21ED1AA5333B005C4CBE /* StoreKit.framework in Frameworks */ = {isa = PBXBuildFile; fileRef = D80E21EC1AA5333B005C4CBE /* StoreKit.framework */; };
		D80E21EF1AA53342005C4CBE /* SystemConfiguration.framework in Frameworks */ = {isa = PBXBuildFile; fileRef = D80E21EE1AA53342005C4CBE /* SystemConfiguration.framework */; };
		D80E21F11AA5334A005C4CBE /* libz.dylib in Frameworks */ = {isa = PBXBuildFile; fileRef = D80E21F01AA5334A005C4CBE /* libz.dylib */; };
		D80E21F31AA53354005C4CBE /* libsqlite3.dylib in Frameworks */ = {isa = PBXBuildFile; fileRef = D80E21F21AA53354005C4CBE /* libsqlite3.dylib */; };
		D80E21FD1AA546F1005C4CBE /* VenueTVC.swift in Sources */ = {isa = PBXBuildFile; fileRef = D80E21FC1AA546F1005C4CBE /* VenueTVC.swift */; };
		D80E21FF1AA54F5D005C4CBE /* Readme in Resources */ = {isa = PBXBuildFile; fileRef = D80E21FE1AA54F5D005C4CBE /* Readme */; };
		D80E22011AA5F933005C4CBE /* VenueCell.swift in Sources */ = {isa = PBXBuildFile; fileRef = D80E22001AA5F933005C4CBE /* VenueCell.swift */; };
		D824EACC1ABCCC03004E2664 /* NewVenueVC.swift in Sources */ = {isa = PBXBuildFile; fileRef = D824EACB1ABCCC03004E2664 /* NewVenueVC.swift */; };
		D83150551AA7845F00B7050C /* ChimeData.swift in Sources */ = {isa = PBXBuildFile; fileRef = D83150541AA7845F00B7050C /* ChimeData.swift */; };
		D83150571AA79B1400B7050C /* CustomButtonOrView.swift in Sources */ = {isa = PBXBuildFile; fileRef = D83150561AA79B1400B7050C /* CustomButtonOrView.swift */; };
		D83200541AA6973B0004E97E /* DetailVC.swift in Sources */ = {isa = PBXBuildFile; fileRef = D83200531AA6973B0004E97E /* DetailVC.swift */; };
		D83200B21AA756BC0004E97E /* DealCell.swift in Sources */ = {isa = PBXBuildFile; fileRef = D83200B11AA756BC0004E97E /* DealCell.swift */; };
		D83541461AB3619000B3A2E1 /* VenueRegistrationTVC.swift in Sources */ = {isa = PBXBuildFile; fileRef = D83541451AB3619000B3A2E1 /* VenueRegistrationTVC.swift */; };
		D8AFFDEF1AA6245B00C395F5 /* FacebookSDK.framework in Frameworks */ = {isa = PBXBuildFile; fileRef = D8AFFDEE1AA6245B00C395F5 /* FacebookSDK.framework */; };
		D8AFFDF11AA641DA00C395F5 /* RootNavigationController.swift in Sources */ = {isa = PBXBuildFile; fileRef = D8AFFDF01AA641DA00C395F5 /* RootNavigationController.swift */; };
		D8FB67221AB9FBE600110CD4 /* VendorDetailVC.swift in Sources */ = {isa = PBXBuildFile; fileRef = D8FB67211AB9FBE600110CD4 /* VendorDetailVC.swift */; };
		D8FB67241ABA047700110CD4 /* VendorCreateDealVC.swift in Sources */ = {isa = PBXBuildFile; fileRef = D8FB67231ABA047700110CD4 /* VendorCreateDealVC.swift */; };
		D8FB67271ABA25B000110CD4 /* CustomSlider.m in Sources */ = {isa = PBXBuildFile; fileRef = D8FB67261ABA25B000110CD4 /* CustomSlider.m */; };
		D8FB67291ABA357F00110CD4 /* CustomArrowIndicator.swift in Sources */ = {isa = PBXBuildFile; fileRef = D8FB67281ABA357F00110CD4 /* CustomArrowIndicator.swift */; };
/* End PBXBuildFile section */

/* Begin PBXContainerItemProxy section */
		D80E21BE1AA51BEE005C4CBE /* PBXContainerItemProxy */ = {
			isa = PBXContainerItemProxy;
			containerPortal = D80E21A01AA51BED005C4CBE /* Project object */;
			proxyType = 1;
			remoteGlobalIDString = D80E21A71AA51BED005C4CBE;
			remoteInfo = Chime;
		};
/* End PBXContainerItemProxy section */

/* Begin PBXFileReference section */
		BDC02A491AAF4BD1002B85BC /* LocationManager.swift */ = {isa = PBXFileReference; fileEncoding = 4; lastKnownFileType = sourcecode.swift; path = LocationManager.swift; sourceTree = "<group>"; };
		BDC02A4D1AAF4C3D002B85BC /* BlurView.swift */ = {isa = PBXFileReference; fileEncoding = 4; lastKnownFileType = sourcecode.swift; path = BlurView.swift; sourceTree = "<group>"; };
		BDC02A4E1AAF4C3D002B85BC /* DesignableView.swift */ = {isa = PBXFileReference; fileEncoding = 4; lastKnownFileType = sourcecode.swift; path = DesignableView.swift; sourceTree = "<group>"; };
		BDC02A4F1AAF4C3D002B85BC /* Misc.swift */ = {isa = PBXFileReference; fileEncoding = 4; lastKnownFileType = sourcecode.swift; path = Misc.swift; sourceTree = "<group>"; };
		BDC02A501AAF4C3D002B85BC /* SpringAnimation.swift */ = {isa = PBXFileReference; fileEncoding = 4; lastKnownFileType = sourcecode.swift; path = SpringAnimation.swift; sourceTree = "<group>"; };
		BDC02A571AAF5AE7002B85BC /* FacebookSDK.framework */ = {isa = PBXFileReference; lastKnownFileType = wrapper.framework; path = FacebookSDK.framework; sourceTree = "<group>"; };
		BDC02A581AAF5AE7002B85BC /* FBAudienceNetwork.framework */ = {isa = PBXFileReference; lastKnownFileType = wrapper.framework; path = FBAudienceNetwork.framework; sourceTree = "<group>"; };
		BDC02A591AAF5AE7002B85BC /* FBAudienceNetwork.README.txt */ = {isa = PBXFileReference; fileEncoding = 4; lastKnownFileType = text; path = FBAudienceNetwork.README.txt; sourceTree = "<group>"; };
		D80E21A81AA51BED005C4CBE /* Chime.app */ = {isa = PBXFileReference; explicitFileType = wrapper.application; includeInIndex = 0; path = Chime.app; sourceTree = BUILT_PRODUCTS_DIR; };
		D80E21AC1AA51BEE005C4CBE /* Info.plist */ = {isa = PBXFileReference; lastKnownFileType = text.plist.xml; path = Info.plist; sourceTree = "<group>"; };
		D80E21AD1AA51BEE005C4CBE /* AppDelegate.swift */ = {isa = PBXFileReference; lastKnownFileType = sourcecode.swift; path = AppDelegate.swift; sourceTree = "<group>"; };
		D80E21B21AA51BEE005C4CBE /* Base */ = {isa = PBXFileReference; lastKnownFileType = file.storyboard; name = Base; path = Base.lproj/Main.storyboard; sourceTree = "<group>"; };
		D80E21B41AA51BEE005C4CBE /* Images.xcassets */ = {isa = PBXFileReference; lastKnownFileType = folder.assetcatalog; path = Images.xcassets; sourceTree = "<group>"; };
		D80E21B71AA51BEE005C4CBE /* Base */ = {isa = PBXFileReference; lastKnownFileType = file.xib; name = Base; path = Base.lproj/LaunchScreen.xib; sourceTree = "<group>"; };
		D80E21BD1AA51BEE005C4CBE /* ChimeTests.xctest */ = {isa = PBXFileReference; explicitFileType = wrapper.cfbundle; includeInIndex = 0; path = ChimeTests.xctest; sourceTree = BUILT_PRODUCTS_DIR; };
		D80E21C21AA51BEE005C4CBE /* Info.plist */ = {isa = PBXFileReference; lastKnownFileType = text.plist.xml; path = Info.plist; sourceTree = "<group>"; };
		D80E21C31AA51BEE005C4CBE /* ChimeTests.swift */ = {isa = PBXFileReference; lastKnownFileType = sourcecode.swift; path = ChimeTests.swift; sourceTree = "<group>"; };
		D80E21CD1AA521E4005C4CBE /* LoginVC.swift */ = {isa = PBXFileReference; fileEncoding = 4; lastKnownFileType = sourcecode.swift; path = LoginVC.swift; sourceTree = "<group>"; };
		D80E21D11AA52262005C4CBE /* DoubleCircleButton.swift */ = {isa = PBXFileReference; fileEncoding = 4; lastKnownFileType = sourcecode.swift; path = DoubleCircleButton.swift; sourceTree = "<group>"; };
		D80E21D41AA53187005C4CBE /* Bolts.framework */ = {isa = PBXFileReference; lastKnownFileType = wrapper.framework; path = Bolts.framework; sourceTree = "<group>"; };
		D80E21D51AA53187005C4CBE /* Parse.framework */ = {isa = PBXFileReference; lastKnownFileType = wrapper.framework; path = Parse.framework; sourceTree = "<group>"; };
		D80E21D61AA53187005C4CBE /* ParseCrashReporting.framework */ = {isa = PBXFileReference; lastKnownFileType = wrapper.framework; path = ParseCrashReporting.framework; sourceTree = "<group>"; };
		D80E21D71AA53187005C4CBE /* ParseFacebookUtils.framework */ = {isa = PBXFileReference; lastKnownFileType = wrapper.framework; path = ParseFacebookUtils.framework; sourceTree = "<group>"; };
		D80E21D81AA53187005C4CBE /* ParseUI.framework */ = {isa = PBXFileReference; lastKnownFileType = wrapper.framework; path = ParseUI.framework; sourceTree = "<group>"; };
		D80E21DE1AA53309005C4CBE /* AudioToolbox.framework */ = {isa = PBXFileReference; lastKnownFileType = wrapper.framework; name = AudioToolbox.framework; path = System/Library/Frameworks/AudioToolbox.framework; sourceTree = SDKROOT; };
		D80E21E01AA53310005C4CBE /* CFNetwork.framework */ = {isa = PBXFileReference; lastKnownFileType = wrapper.framework; name = CFNetwork.framework; path = System/Library/Frameworks/CFNetwork.framework; sourceTree = SDKROOT; };
		D80E21E21AA53317005C4CBE /* CoreGraphics.framework */ = {isa = PBXFileReference; lastKnownFileType = wrapper.framework; name = CoreGraphics.framework; path = System/Library/Frameworks/CoreGraphics.framework; sourceTree = SDKROOT; };
		D80E21E41AA5331E005C4CBE /* CoreLocation.framework */ = {isa = PBXFileReference; lastKnownFileType = wrapper.framework; name = CoreLocation.framework; path = System/Library/Frameworks/CoreLocation.framework; sourceTree = SDKROOT; };
		D80E21E61AA53326005C4CBE /* MobileCoreServices.framework */ = {isa = PBXFileReference; lastKnownFileType = wrapper.framework; name = MobileCoreServices.framework; path = System/Library/Frameworks/MobileCoreServices.framework; sourceTree = SDKROOT; };
		D80E21E81AA5332C005C4CBE /* QuartzCore.framework */ = {isa = PBXFileReference; lastKnownFileType = wrapper.framework; name = QuartzCore.framework; path = System/Library/Frameworks/QuartzCore.framework; sourceTree = SDKROOT; };
		D80E21EA1AA53333005C4CBE /* Security.framework */ = {isa = PBXFileReference; lastKnownFileType = wrapper.framework; name = Security.framework; path = System/Library/Frameworks/Security.framework; sourceTree = SDKROOT; };
		D80E21EC1AA5333B005C4CBE /* StoreKit.framework */ = {isa = PBXFileReference; lastKnownFileType = wrapper.framework; name = StoreKit.framework; path = System/Library/Frameworks/StoreKit.framework; sourceTree = SDKROOT; };
		D80E21EE1AA53342005C4CBE /* SystemConfiguration.framework */ = {isa = PBXFileReference; lastKnownFileType = wrapper.framework; name = SystemConfiguration.framework; path = System/Library/Frameworks/SystemConfiguration.framework; sourceTree = SDKROOT; };
		D80E21F01AA5334A005C4CBE /* libz.dylib */ = {isa = PBXFileReference; lastKnownFileType = "compiled.mach-o.dylib"; name = libz.dylib; path = usr/lib/libz.dylib; sourceTree = SDKROOT; };
		D80E21F21AA53354005C4CBE /* libsqlite3.dylib */ = {isa = PBXFileReference; lastKnownFileType = "compiled.mach-o.dylib"; name = libsqlite3.dylib; path = usr/lib/libsqlite3.dylib; sourceTree = SDKROOT; };
		D80E21F41AA53D2C005C4CBE /* Chime-Bridging-Header.h */ = {isa = PBXFileReference; lastKnownFileType = sourcecode.c.h; path = "Chime-Bridging-Header.h"; sourceTree = "<group>"; };
		D80E21FC1AA546F1005C4CBE /* VenueTVC.swift */ = {isa = PBXFileReference; fileEncoding = 4; lastKnownFileType = sourcecode.swift; path = VenueTVC.swift; sourceTree = "<group>"; };
		D80E21FE1AA54F5D005C4CBE /* Readme */ = {isa = PBXFileReference; fileEncoding = 4; lastKnownFileType = text; path = Readme; sourceTree = "<group>"; };
		D80E22001AA5F933005C4CBE /* VenueCell.swift */ = {isa = PBXFileReference; fileEncoding = 4; lastKnownFileType = sourcecode.swift; path = VenueCell.swift; sourceTree = "<group>"; };
		D824EACB1ABCCC03004E2664 /* NewVenueVC.swift */ = {isa = PBXFileReference; fileEncoding = 4; lastKnownFileType = sourcecode.swift; path = NewVenueVC.swift; sourceTree = "<group>"; };
		D83150541AA7845F00B7050C /* ChimeData.swift */ = {isa = PBXFileReference; fileEncoding = 4; lastKnownFileType = sourcecode.swift; path = ChimeData.swift; sourceTree = "<group>"; };
		D83150561AA79B1400B7050C /* CustomButtonOrView.swift */ = {isa = PBXFileReference; fileEncoding = 4; lastKnownFileType = sourcecode.swift; path = CustomButtonOrView.swift; sourceTree = "<group>"; };
		D83200531AA6973B0004E97E /* DetailVC.swift */ = {isa = PBXFileReference; fileEncoding = 4; lastKnownFileType = sourcecode.swift; path = DetailVC.swift; sourceTree = "<group>"; };
		D83200B11AA756BC0004E97E /* DealCell.swift */ = {isa = PBXFileReference; fileEncoding = 4; lastKnownFileType = sourcecode.swift; path = DealCell.swift; sourceTree = "<group>"; };
		D83541451AB3619000B3A2E1 /* VenueRegistrationTVC.swift */ = {isa = PBXFileReference; fileEncoding = 4; lastKnownFileType = sourcecode.swift; path = VenueRegistrationTVC.swift; sourceTree = "<group>"; };
		D8AFFDEE1AA6245B00C395F5 /* FacebookSDK.framework */ = {isa = PBXFileReference; lastKnownFileType = wrapper.framework; name = FacebookSDK.framework; path = ../../Documents/FacebookSDK/FacebookSDK.framework; sourceTree = "<group>"; };
		D8AFFDF01AA641DA00C395F5 /* RootNavigationController.swift */ = {isa = PBXFileReference; fileEncoding = 4; lastKnownFileType = sourcecode.swift; path = RootNavigationController.swift; sourceTree = "<group>"; };
		D8FB67211AB9FBE600110CD4 /* VendorDetailVC.swift */ = {isa = PBXFileReference; fileEncoding = 4; lastKnownFileType = sourcecode.swift; path = VendorDetailVC.swift; sourceTree = "<group>"; };
		D8FB67231ABA047700110CD4 /* VendorCreateDealVC.swift */ = {isa = PBXFileReference; fileEncoding = 4; lastKnownFileType = sourcecode.swift; path = VendorCreateDealVC.swift; sourceTree = "<group>"; };
		D8FB67251ABA25B000110CD4 /* CustomSlider.h */ = {isa = PBXFileReference; fileEncoding = 4; lastKnownFileType = sourcecode.c.h; path = CustomSlider.h; sourceTree = "<group>"; };
		D8FB67261ABA25B000110CD4 /* CustomSlider.m */ = {isa = PBXFileReference; fileEncoding = 4; lastKnownFileType = sourcecode.c.objc; path = CustomSlider.m; sourceTree = "<group>"; };
		D8FB67281ABA357F00110CD4 /* CustomArrowIndicator.swift */ = {isa = PBXFileReference; fileEncoding = 4; lastKnownFileType = sourcecode.swift; path = CustomArrowIndicator.swift; sourceTree = "<group>"; };
/* End PBXFileReference section */

/* Begin PBXFrameworksBuildPhase section */
		D80E21A51AA51BED005C4CBE /* Frameworks */ = {
			isa = PBXFrameworksBuildPhase;
			buildActionMask = 2147483647;
			files = (
				D80E21F31AA53354005C4CBE /* libsqlite3.dylib in Frameworks */,
				D80E21F11AA5334A005C4CBE /* libz.dylib in Frameworks */,
				D80E21EF1AA53342005C4CBE /* SystemConfiguration.framework in Frameworks */,
				D80E21ED1AA5333B005C4CBE /* StoreKit.framework in Frameworks */,
				D80E21EB1AA53333005C4CBE /* Security.framework in Frameworks */,
				BDC02A5A1AAF5AE7002B85BC /* FacebookSDK.framework in Frameworks */,
				BDC02A5B1AAF5AE7002B85BC /* FBAudienceNetwork.framework in Frameworks */,
				D80E21E91AA5332C005C4CBE /* QuartzCore.framework in Frameworks */,
				D80E21E71AA53326005C4CBE /* MobileCoreServices.framework in Frameworks */,
				D80E21E51AA5331E005C4CBE /* CoreLocation.framework in Frameworks */,
				D8AFFDEF1AA6245B00C395F5 /* FacebookSDK.framework in Frameworks */,
				D80E21E31AA53317005C4CBE /* CoreGraphics.framework in Frameworks */,
				D80E21E11AA53310005C4CBE /* CFNetwork.framework in Frameworks */,
				D80E21DF1AA53309005C4CBE /* AudioToolbox.framework in Frameworks */,
				D80E21DA1AA53187005C4CBE /* Parse.framework in Frameworks */,
				D80E21DB1AA53187005C4CBE /* ParseCrashReporting.framework in Frameworks */,
				D80E21DD1AA53187005C4CBE /* ParseUI.framework in Frameworks */,
				D80E21DC1AA53187005C4CBE /* ParseFacebookUtils.framework in Frameworks */,
				D80E21D91AA53187005C4CBE /* Bolts.framework in Frameworks */,
			);
			runOnlyForDeploymentPostprocessing = 0;
		};
		D80E21BA1AA51BEE005C4CBE /* Frameworks */ = {
			isa = PBXFrameworksBuildPhase;
			buildActionMask = 2147483647;
			files = (
			);
			runOnlyForDeploymentPostprocessing = 0;
		};
/* End PBXFrameworksBuildPhase section */

/* Begin PBXGroup section */
		BDC02A4B1AAF4C18002B85BC /* Animations */ = {
			isa = PBXGroup;
			children = (
				BDC02A4D1AAF4C3D002B85BC /* BlurView.swift */,
				BDC02A4E1AAF4C3D002B85BC /* DesignableView.swift */,
				BDC02A4F1AAF4C3D002B85BC /* Misc.swift */,
				BDC02A501AAF4C3D002B85BC /* SpringAnimation.swift */,
			);
			name = Animations;
			sourceTree = "<group>";
		};
		D80E219F1AA51BED005C4CBE = {
			isa = PBXGroup;
			children = (
				D80E21AA1AA51BED005C4CBE /* Chime */,
				D80E21C01AA51BEE005C4CBE /* ChimeTests */,
				D80E21A91AA51BED005C4CBE /* Products */,
				D80E21D31AA53167005C4CBE /* Frameworks */,
			);
			sourceTree = "<group>";
		};
		D80E21A91AA51BED005C4CBE /* Products */ = {
			isa = PBXGroup;
			children = (
				D80E21A81AA51BED005C4CBE /* Chime.app */,
				D80E21BD1AA51BEE005C4CBE /* ChimeTests.xctest */,
			);
			name = Products;
			sourceTree = "<group>";
		};
		D80E21AA1AA51BED005C4CBE /* Chime */ = {
			isa = PBXGroup;
			children = (
				D80E21B11AA51BEE005C4CBE /* Main.storyboard */,
				D80E21F71AA54622005C4CBE /* Models */,
				D80E21F81AA54629005C4CBE /* Views */,
				D80E21F91AA5462E005C4CBE /* Controllers */,
				D80E21AB1AA51BEE005C4CBE /* Supporting Files */,
				D80E21FE1AA54F5D005C4CBE /* Readme */,
			);
			path = Chime;
			sourceTree = "<group>";
		};
		D80E21AB1AA51BEE005C4CBE /* Supporting Files */ = {
			isa = PBXGroup;
			children = (
				D80E21B41AA51BEE005C4CBE /* Images.xcassets */,
				D80E21F41AA53D2C005C4CBE /* Chime-Bridging-Header.h */,
				D80E21AD1AA51BEE005C4CBE /* AppDelegate.swift */,
				D80E21B61AA51BEE005C4CBE /* LaunchScreen.xib */,
				D80E21AC1AA51BEE005C4CBE /* Info.plist */,
			);
			name = "Supporting Files";
			sourceTree = "<group>";
		};
		D80E21C01AA51BEE005C4CBE /* ChimeTests */ = {
			isa = PBXGroup;
			children = (
				D80E21C31AA51BEE005C4CBE /* ChimeTests.swift */,
				D80E21C11AA51BEE005C4CBE /* Supporting Files */,
			);
			path = ChimeTests;
			sourceTree = "<group>";
		};
		D80E21C11AA51BEE005C4CBE /* Supporting Files */ = {
			isa = PBXGroup;
			children = (
				D80E21C21AA51BEE005C4CBE /* Info.plist */,
			);
			name = "Supporting Files";
			sourceTree = "<group>";
		};
		D80E21D31AA53167005C4CBE /* Frameworks */ = {
			isa = PBXGroup;
			children = (
				BDC02A571AAF5AE7002B85BC /* FacebookSDK.framework */,
				BDC02A581AAF5AE7002B85BC /* FBAudienceNetwork.framework */,
				BDC02A591AAF5AE7002B85BC /* FBAudienceNetwork.README.txt */,
				D8AFFDEE1AA6245B00C395F5 /* FacebookSDK.framework */,
				D80E21F21AA53354005C4CBE /* libsqlite3.dylib */,
				D80E21F01AA5334A005C4CBE /* libz.dylib */,
				D80E21EE1AA53342005C4CBE /* SystemConfiguration.framework */,
				D80E21EC1AA5333B005C4CBE /* StoreKit.framework */,
				D80E21EA1AA53333005C4CBE /* Security.framework */,
				D80E21E81AA5332C005C4CBE /* QuartzCore.framework */,
				D80E21E61AA53326005C4CBE /* MobileCoreServices.framework */,
				D80E21E41AA5331E005C4CBE /* CoreLocation.framework */,
				D80E21E21AA53317005C4CBE /* CoreGraphics.framework */,
				D80E21E01AA53310005C4CBE /* CFNetwork.framework */,
				D80E21DE1AA53309005C4CBE /* AudioToolbox.framework */,
				D80E21D41AA53187005C4CBE /* Bolts.framework */,
				D80E21D51AA53187005C4CBE /* Parse.framework */,
				D80E21D61AA53187005C4CBE /* ParseCrashReporting.framework */,
				D80E21D71AA53187005C4CBE /* ParseFacebookUtils.framework */,
				D80E21D81AA53187005C4CBE /* ParseUI.framework */,
			);
			name = Frameworks;
			sourceTree = "<group>";
		};
		D80E21F71AA54622005C4CBE /* Models */ = {
			isa = PBXGroup;
			children = (
				D83150541AA7845F00B7050C /* ChimeData.swift */,
				BDC02A491AAF4BD1002B85BC /* LocationManager.swift */,
			);
			name = Models;
			sourceTree = "<group>";
		};
		D80E21F81AA54629005C4CBE /* Views */ = {
			isa = PBXGroup;
			children = (
				BDC02A4B1AAF4C18002B85BC /* Animations */,
				D80E21D11AA52262005C4CBE /* DoubleCircleButton.swift */,
				D80E22001AA5F933005C4CBE /* VenueCell.swift */,
				D83200B11AA756BC0004E97E /* DealCell.swift */,
				D83150561AA79B1400B7050C /* CustomButtonOrView.swift */,
				D8FB67251ABA25B000110CD4 /* CustomSlider.h */,
				D8FB67261ABA25B000110CD4 /* CustomSlider.m */,
				D8FB67281ABA357F00110CD4 /* CustomArrowIndicator.swift */,
			);
			name = Views;
			sourceTree = "<group>";
		};
		D80E21F91AA5462E005C4CBE /* Controllers */ = {
			isa = PBXGroup;
			children = (
				D8AFFDF01AA641DA00C395F5 /* RootNavigationController.swift */,
				D80E21CD1AA521E4005C4CBE /* LoginVC.swift */,
				D83541451AB3619000B3A2E1 /* VenueRegistrationTVC.swift */,
				D80E21FC1AA546F1005C4CBE /* VenueTVC.swift */,
				D83200531AA6973B0004E97E /* DetailVC.swift */,
				D8FB67211AB9FBE600110CD4 /* VendorDetailVC.swift */,
				D8FB67231ABA047700110CD4 /* VendorCreateDealVC.swift */,
				D824EACB1ABCCC03004E2664 /* NewVenueVC.swift */,
			);
			name = Controllers;
			sourceTree = "<group>";
		};
/* End PBXGroup section */

/* Begin PBXNativeTarget section */
		D80E21A71AA51BED005C4CBE /* Chime */ = {
			isa = PBXNativeTarget;
			buildConfigurationList = D80E21C71AA51BEE005C4CBE /* Build configuration list for PBXNativeTarget "Chime" */;
			buildPhases = (
				D80E21A41AA51BED005C4CBE /* Sources */,
				D80E21A51AA51BED005C4CBE /* Frameworks */,
				D80E21A61AA51BED005C4CBE /* Resources */,
			);
			buildRules = (
			);
			dependencies = (
			);
			name = Chime;
			productName = Chime;
			productReference = D80E21A81AA51BED005C4CBE /* Chime.app */;
			productType = "com.apple.product-type.application";
		};
		D80E21BC1AA51BEE005C4CBE /* ChimeTests */ = {
			isa = PBXNativeTarget;
			buildConfigurationList = D80E21CA1AA51BEE005C4CBE /* Build configuration list for PBXNativeTarget "ChimeTests" */;
			buildPhases = (
				D80E21B91AA51BEE005C4CBE /* Sources */,
				D80E21BA1AA51BEE005C4CBE /* Frameworks */,
				D80E21BB1AA51BEE005C4CBE /* Resources */,
			);
			buildRules = (
			);
			dependencies = (
				D80E21BF1AA51BEE005C4CBE /* PBXTargetDependency */,
			);
			name = ChimeTests;
			productName = ChimeTests;
			productReference = D80E21BD1AA51BEE005C4CBE /* ChimeTests.xctest */;
			productType = "com.apple.product-type.bundle.unit-test";
		};
/* End PBXNativeTarget section */

/* Begin PBXProject section */
		D80E21A01AA51BED005C4CBE /* Project object */ = {
			isa = PBXProject;
			attributes = {
				LastUpgradeCheck = 0610;
				ORGANIZATIONNAME = "Max McChesney";
				TargetAttributes = {
					D80E21A71AA51BED005C4CBE = {
						CreatedOnToolsVersion = 6.1.1;
						DevelopmentTeam = ZKD389657L;
					};
					D80E21BC1AA51BEE005C4CBE = {
						CreatedOnToolsVersion = 6.1.1;
						DevelopmentTeam = ZKD389657L;
						TestTargetID = D80E21A71AA51BED005C4CBE;
					};
				};
			};
			buildConfigurationList = D80E21A31AA51BED005C4CBE /* Build configuration list for PBXProject "Chime" */;
			compatibilityVersion = "Xcode 3.2";
			developmentRegion = English;
			hasScannedForEncodings = 0;
			knownRegions = (
				en,
				Base,
			);
			mainGroup = D80E219F1AA51BED005C4CBE;
			productRefGroup = D80E21A91AA51BED005C4CBE /* Products */;
			projectDirPath = "";
			projectRoot = "";
			targets = (
				D80E21A71AA51BED005C4CBE /* Chime */,
				D80E21BC1AA51BEE005C4CBE /* ChimeTests */,
			);
		};
/* End PBXProject section */

/* Begin PBXResourcesBuildPhase section */
		D80E21A61AA51BED005C4CBE /* Resources */ = {
			isa = PBXResourcesBuildPhase;
			buildActionMask = 2147483647;
			files = (
				BDC02A5C1AAF5AE7002B85BC /* FBAudienceNetwork.README.txt in Resources */,
				D80E21FF1AA54F5D005C4CBE /* Readme in Resources */,
				D80E21B31AA51BEE005C4CBE /* Main.storyboard in Resources */,
				D80E21B81AA51BEE005C4CBE /* LaunchScreen.xib in Resources */,
				D80E21B51AA51BEE005C4CBE /* Images.xcassets in Resources */,
			);
			runOnlyForDeploymentPostprocessing = 0;
		};
		D80E21BB1AA51BEE005C4CBE /* Resources */ = {
			isa = PBXResourcesBuildPhase;
			buildActionMask = 2147483647;
			files = (
			);
			runOnlyForDeploymentPostprocessing = 0;
		};
/* End PBXResourcesBuildPhase section */

/* Begin PBXSourcesBuildPhase section */
		D80E21A41AA51BED005C4CBE /* Sources */ = {
			isa = PBXSourcesBuildPhase;
			buildActionMask = 2147483647;
			files = (
				D80E21CE1AA521E4005C4CBE /* LoginVC.swift in Sources */,
				D80E21AE1AA51BEE005C4CBE /* AppDelegate.swift in Sources */,
				D80E22011AA5F933005C4CBE /* VenueCell.swift in Sources */,
				BDC02A531AAF4C3D002B85BC /* DesignableView.swift in Sources */,
				BDC02A4A1AAF4BD1002B85BC /* LocationManager.swift in Sources */,
				D80E21FD1AA546F1005C4CBE /* VenueTVC.swift in Sources */,
				BDC02A521AAF4C3D002B85BC /* BlurView.swift in Sources */,
				D80E21D21AA52262005C4CBE /* DoubleCircleButton.swift in Sources */,
				D83150571AA79B1400B7050C /* CustomButtonOrView.swift in Sources */,
				D83150551AA7845F00B7050C /* ChimeData.swift in Sources */,
				D8FB67241ABA047700110CD4 /* VendorCreateDealVC.swift in Sources */,
				D8AFFDF11AA641DA00C395F5 /* RootNavigationController.swift in Sources */,
				D8FB67291ABA357F00110CD4 /* CustomArrowIndicator.swift in Sources */,
				D824EACC1ABCCC03004E2664 /* NewVenueVC.swift in Sources */,
				BDC02A541AAF4C3D002B85BC /* Misc.swift in Sources */,
				D83541461AB3619000B3A2E1 /* VenueRegistrationTVC.swift in Sources */,
				BDC02A551AAF4C3D002B85BC /* SpringAnimation.swift in Sources */,
				D83200541AA6973B0004E97E /* DetailVC.swift in Sources */,
				D83200B21AA756BC0004E97E /* DealCell.swift in Sources */,
				D8FB67271ABA25B000110CD4 /* CustomSlider.m in Sources */,
				D8FB67221AB9FBE600110CD4 /* VendorDetailVC.swift in Sources */,
			);
			runOnlyForDeploymentPostprocessing = 0;
		};
		D80E21B91AA51BEE005C4CBE /* Sources */ = {
			isa = PBXSourcesBuildPhase;
			buildActionMask = 2147483647;
			files = (
				D80E21C41AA51BEE005C4CBE /* ChimeTests.swift in Sources */,
			);
			runOnlyForDeploymentPostprocessing = 0;
		};
/* End PBXSourcesBuildPhase section */

/* Begin PBXTargetDependency section */
		D80E21BF1AA51BEE005C4CBE /* PBXTargetDependency */ = {
			isa = PBXTargetDependency;
			target = D80E21A71AA51BED005C4CBE /* Chime */;
			targetProxy = D80E21BE1AA51BEE005C4CBE /* PBXContainerItemProxy */;
		};
/* End PBXTargetDependency section */

/* Begin PBXVariantGroup section */
		D80E21B11AA51BEE005C4CBE /* Main.storyboard */ = {
			isa = PBXVariantGroup;
			children = (
				D80E21B21AA51BEE005C4CBE /* Base */,
			);
			name = Main.storyboard;
			sourceTree = "<group>";
		};
		D80E21B61AA51BEE005C4CBE /* LaunchScreen.xib */ = {
			isa = PBXVariantGroup;
			children = (
				D80E21B71AA51BEE005C4CBE /* Base */,
			);
			name = LaunchScreen.xib;
			sourceTree = "<group>";
		};
/* End PBXVariantGroup section */

/* Begin XCBuildConfiguration section */
		D80E21C51AA51BEE005C4CBE /* Debug */ = {
			isa = XCBuildConfiguration;
			buildSettings = {
				ALWAYS_SEARCH_USER_PATHS = NO;
				CLANG_CXX_LANGUAGE_STANDARD = "gnu++0x";
				CLANG_CXX_LIBRARY = "libc++";
				CLANG_ENABLE_MODULES = YES;
				CLANG_ENABLE_OBJC_ARC = YES;
				CLANG_WARN_BOOL_CONVERSION = YES;
				CLANG_WARN_CONSTANT_CONVERSION = YES;
				CLANG_WARN_DIRECT_OBJC_ISA_USAGE = YES_ERROR;
				CLANG_WARN_EMPTY_BODY = YES;
				CLANG_WARN_ENUM_CONVERSION = YES;
				CLANG_WARN_INT_CONVERSION = YES;
				CLANG_WARN_OBJC_ROOT_CLASS = YES_ERROR;
				CLANG_WARN_UNREACHABLE_CODE = YES;
				CLANG_WARN__DUPLICATE_METHOD_MATCH = YES;
				"CODE_SIGN_IDENTITY[sdk=iphoneos*]" = "iPhone Developer";
				COPY_PHASE_STRIP = NO;
				ENABLE_STRICT_OBJC_MSGSEND = YES;
				GCC_C_LANGUAGE_STANDARD = gnu99;
				GCC_DYNAMIC_NO_PIC = NO;
				GCC_OPTIMIZATION_LEVEL = 0;
				GCC_PREPROCESSOR_DEFINITIONS = (
					"DEBUG=1",
					"$(inherited)",
				);
				GCC_SYMBOLS_PRIVATE_EXTERN = NO;
				GCC_WARN_64_TO_32_BIT_CONVERSION = YES;
				GCC_WARN_ABOUT_RETURN_TYPE = YES_ERROR;
				GCC_WARN_UNDECLARED_SELECTOR = YES;
				GCC_WARN_UNINITIALIZED_AUTOS = YES_AGGRESSIVE;
				GCC_WARN_UNUSED_FUNCTION = YES;
				GCC_WARN_UNUSED_VARIABLE = YES;
				IPHONEOS_DEPLOYMENT_TARGET = 8.1;
				MTL_ENABLE_DEBUG_INFO = YES;
				ONLY_ACTIVE_ARCH = YES;
				SDKROOT = iphoneos;
				SWIFT_OPTIMIZATION_LEVEL = "-Onone";
			};
			name = Debug;
		};
		D80E21C61AA51BEE005C4CBE /* Release */ = {
			isa = XCBuildConfiguration;
			buildSettings = {
				ALWAYS_SEARCH_USER_PATHS = NO;
				CLANG_CXX_LANGUAGE_STANDARD = "gnu++0x";
				CLANG_CXX_LIBRARY = "libc++";
				CLANG_ENABLE_MODULES = YES;
				CLANG_ENABLE_OBJC_ARC = YES;
				CLANG_WARN_BOOL_CONVERSION = YES;
				CLANG_WARN_CONSTANT_CONVERSION = YES;
				CLANG_WARN_DIRECT_OBJC_ISA_USAGE = YES_ERROR;
				CLANG_WARN_EMPTY_BODY = YES;
				CLANG_WARN_ENUM_CONVERSION = YES;
				CLANG_WARN_INT_CONVERSION = YES;
				CLANG_WARN_OBJC_ROOT_CLASS = YES_ERROR;
				CLANG_WARN_UNREACHABLE_CODE = YES;
				CLANG_WARN__DUPLICATE_METHOD_MATCH = YES;
				"CODE_SIGN_IDENTITY[sdk=iphoneos*]" = "iPhone Developer";
				COPY_PHASE_STRIP = YES;
				ENABLE_NS_ASSERTIONS = NO;
				ENABLE_STRICT_OBJC_MSGSEND = YES;
				GCC_C_LANGUAGE_STANDARD = gnu99;
				GCC_WARN_64_TO_32_BIT_CONVERSION = YES;
				GCC_WARN_ABOUT_RETURN_TYPE = YES_ERROR;
				GCC_WARN_UNDECLARED_SELECTOR = YES;
				GCC_WARN_UNINITIALIZED_AUTOS = YES_AGGRESSIVE;
				GCC_WARN_UNUSED_FUNCTION = YES;
				GCC_WARN_UNUSED_VARIABLE = YES;
				IPHONEOS_DEPLOYMENT_TARGET = 8.1;
				MTL_ENABLE_DEBUG_INFO = NO;
				SDKROOT = iphoneos;
				VALIDATE_PRODUCT = YES;
			};
			name = Release;
		};
		D80E21C81AA51BEE005C4CBE /* Debug */ = {
			isa = XCBuildConfiguration;
			buildSettings = {
				ASSETCATALOG_COMPILER_APPICON_NAME = AppIcon;
				CLANG_ENABLE_MODULES = YES;
				CODE_SIGN_IDENTITY = "iPhone Developer";
				"CODE_SIGN_IDENTITY[sdk=iphoneos*]" = "iPhone Developer";
				FRAMEWORK_SEARCH_PATHS = (
					"$(inherited)",
					"$(PROJECT_DIR)",
					/Users/McChesney/Documents/FacebookSDK,
				);
				INFOPLIST_FILE = Chime/Info.plist;
				LD_RUNPATH_SEARCH_PATHS = "$(inherited) @executable_path/Frameworks";
				PRODUCT_NAME = "$(TARGET_NAME)";
				PROVISIONING_PROFILE = "";
				SWIFT_OBJC_BRIDGING_HEADER = "Chime/Chime-Bridging-Header.h";
				SWIFT_OPTIMIZATION_LEVEL = "-Onone";
			};
			name = Debug;
		};
		D80E21C91AA51BEE005C4CBE /* Release */ = {
			isa = XCBuildConfiguration;
			buildSettings = {
				ASSETCATALOG_COMPILER_APPICON_NAME = AppIcon;
				CLANG_ENABLE_MODULES = YES;
				CODE_SIGN_IDENTITY = "iPhone Developer";
				"CODE_SIGN_IDENTITY[sdk=iphoneos*]" = "iPhone Developer";
				FRAMEWORK_SEARCH_PATHS = (
					"$(inherited)",
					"$(PROJECT_DIR)",
					/Users/McChesney/Documents/FacebookSDK,
				);
				INFOPLIST_FILE = Chime/Info.plist;
				LD_RUNPATH_SEARCH_PATHS = "$(inherited) @executable_path/Frameworks";
				PRODUCT_NAME = "$(TARGET_NAME)";
				PROVISIONING_PROFILE = "";
				SWIFT_OBJC_BRIDGING_HEADER = "Chime/Chime-Bridging-Header.h";
			};
			name = Release;
		};
		D80E21CB1AA51BEE005C4CBE /* Debug */ = {
			isa = XCBuildConfiguration;
			buildSettings = {
				BUNDLE_LOADER = "$(TEST_HOST)";
				FRAMEWORK_SEARCH_PATHS = (
					"$(SDKROOT)/Developer/Library/Frameworks",
					"$(inherited)",
				);
				GCC_PREPROCESSOR_DEFINITIONS = (
					"DEBUG=1",
					"$(inherited)",
				);
				INFOPLIST_FILE = ChimeTests/Info.plist;
				LD_RUNPATH_SEARCH_PATHS = "$(inherited) @executable_path/Frameworks @loader_path/Frameworks";
				PRODUCT_NAME = "$(TARGET_NAME)";
				TEST_HOST = "$(BUILT_PRODUCTS_DIR)/Chime.app/Chime";
			};
			name = Debug;
		};
		D80E21CC1AA51BEE005C4CBE /* Release */ = {
			isa = XCBuildConfiguration;
			buildSettings = {
				BUNDLE_LOADER = "$(TEST_HOST)";
				FRAMEWORK_SEARCH_PATHS = (
					"$(SDKROOT)/Developer/Library/Frameworks",
					"$(inherited)",
				);
				INFOPLIST_FILE = ChimeTests/Info.plist;
				LD_RUNPATH_SEARCH_PATHS = "$(inherited) @executable_path/Frameworks @loader_path/Frameworks";
				PRODUCT_NAME = "$(TARGET_NAME)";
				TEST_HOST = "$(BUILT_PRODUCTS_DIR)/Chime.app/Chime";
			};
			name = Release;
		};
/* End XCBuildConfiguration section */

/* Begin XCConfigurationList section */
		D80E21A31AA51BED005C4CBE /* Build configuration list for PBXProject "Chime" */ = {
			isa = XCConfigurationList;
			buildConfigurations = (
				D80E21C51AA51BEE005C4CBE /* Debug */,
				D80E21C61AA51BEE005C4CBE /* Release */,
			);
			defaultConfigurationIsVisible = 0;
			defaultConfigurationName = Release;
		};
		D80E21C71AA51BEE005C4CBE /* Build configuration list for PBXNativeTarget "Chime" */ = {
			isa = XCConfigurationList;
			buildConfigurations = (
				D80E21C81AA51BEE005C4CBE /* Debug */,
				D80E21C91AA51BEE005C4CBE /* Release */,
			);
			defaultConfigurationIsVisible = 0;
			defaultConfigurationName = Release;
		};
		D80E21CA1AA51BEE005C4CBE /* Build configuration list for PBXNativeTarget "ChimeTests" */ = {
			isa = XCConfigurationList;
			buildConfigurations = (
				D80E21CB1AA51BEE005C4CBE /* Debug */,
				D80E21CC1AA51BEE005C4CBE /* Release */,
			);
			defaultConfigurationIsVisible = 0;
			defaultConfigurationName = Release;
		};
/* End XCConfigurationList section */
	};
	rootObject = D80E21A01AA51BED005C4CBE /* Project object */;
}
